// !$*UTF8*$!
{
	archiveVersion = 1;
	classes = {
	};
	objectVersion = 56;
	objects = {

/* Begin PBXBuildFile section */
		AB996454C62535FCCB4A867C /* libPods-CoreDemo.a in Frameworks */ = {isa = PBXBuildFile; fileRef = 780625B0CA016C47D122E978 /* libPods-CoreDemo.a */; };
		B9115EF22A390CD100E53E2C /* AppDelegate.swift in Sources */ = {isa = PBXBuildFile; fileRef = B9115EF12A390CD100E53E2C /* AppDelegate.swift */; };
		B9115EF42A390CD100E53E2C /* SceneDelegate.swift in Sources */ = {isa = PBXBuildFile; fileRef = B9115EF32A390CD100E53E2C /* SceneDelegate.swift */; };
		B9115EFB2A390CD200E53E2C /* Assets.xcassets in Resources */ = {isa = PBXBuildFile; fileRef = B9115EFA2A390CD200E53E2C /* Assets.xcassets */; };
		B9115EFE2A390CD200E53E2C /* LaunchScreen.storyboard in Resources */ = {isa = PBXBuildFile; fileRef = B9115EFC2A390CD200E53E2C /* LaunchScreen.storyboard */; };
		B954DF302A82A9EA008AB47B /* CustomInitializableModule_Swift.swift in Sources */ = {isa = PBXBuildFile; fileRef = B954DF2F2A82A9EA008AB47B /* CustomInitializableModule_Swift.swift */; };
		B954DF342A82AADA008AB47B /* CustomModule_ObjC.m in Sources */ = {isa = PBXBuildFile; fileRef = B954DF332A82AADA008AB47B /* CustomModule_ObjC.m */; };
		B954DF362A82D283008AB47B /* DemoViewController.swift in Sources */ = {isa = PBXBuildFile; fileRef = B954DF352A82D283008AB47B /* DemoViewController.swift */; };
		B954DF412A82E2CB008AB47B /* ChartboostCoreAdapter_ObjC.m in Sources */ = {isa = PBXBuildFile; fileRef = B954DF402A82E2CB008AB47B /* ChartboostCoreAdapter_ObjC.m */; };
		B954DF432A82E2EC008AB47B /* ChartboostCoreAdapter_Swift.swift in Sources */ = {isa = PBXBuildFile; fileRef = B954DF422A82E2EC008AB47B /* ChartboostCoreAdapter_Swift.swift */; };
		B954DF452A82EDB5008AB47B /* LogItem.swift in Sources */ = {isa = PBXBuildFile; fileRef = B954DF442A82EDB5008AB47B /* LogItem.swift */; };
		B96976502A840D6E00D5B29B /* Main.storyboard in Resources */ = {isa = PBXBuildFile; fileRef = B969764E2A840D6E00D5B29B /* Main.storyboard */; };
		B96976522A84624E00D5B29B /* CALayer+App.swift in Sources */ = {isa = PBXBuildFile; fileRef = B96976512A84624E00D5B29B /* CALayer+App.swift */; };
/* End PBXBuildFile section */

/* Begin PBXFileReference section */
		551900428FB4C42A2217A8D1 /* Pods-CoreDemo.release.xcconfig */ = {isa = PBXFileReference; includeInIndex = 1; lastKnownFileType = text.xcconfig; name = "Pods-CoreDemo.release.xcconfig"; path = "Target Support Files/Pods-CoreDemo/Pods-CoreDemo.release.xcconfig"; sourceTree = "<group>"; };
		6724033B11B57201F7712B01 /* Pods-CoreDemo.debug.xcconfig */ = {isa = PBXFileReference; includeInIndex = 1; lastKnownFileType = text.xcconfig; name = "Pods-CoreDemo.debug.xcconfig"; path = "Target Support Files/Pods-CoreDemo/Pods-CoreDemo.debug.xcconfig"; sourceTree = "<group>"; };
		780625B0CA016C47D122E978 /* libPods-CoreDemo.a */ = {isa = PBXFileReference; explicitFileType = archive.ar; includeInIndex = 0; path = "libPods-CoreDemo.a"; sourceTree = BUILT_PRODUCTS_DIR; };
		B9115EEE2A390CD100E53E2C /* CoreDemo.app */ = {isa = PBXFileReference; explicitFileType = wrapper.application; includeInIndex = 0; path = CoreDemo.app; sourceTree = BUILT_PRODUCTS_DIR; };
		B9115EF12A390CD100E53E2C /* AppDelegate.swift */ = {isa = PBXFileReference; lastKnownFileType = sourcecode.swift; path = AppDelegate.swift; sourceTree = "<group>"; };
		B9115EF32A390CD100E53E2C /* SceneDelegate.swift */ = {isa = PBXFileReference; lastKnownFileType = sourcecode.swift; path = SceneDelegate.swift; sourceTree = "<group>"; };
		B9115EFA2A390CD200E53E2C /* Assets.xcassets */ = {isa = PBXFileReference; lastKnownFileType = folder.assetcatalog; path = Assets.xcassets; sourceTree = "<group>"; };
		B9115EFD2A390CD200E53E2C /* Base */ = {isa = PBXFileReference; lastKnownFileType = file.storyboard; name = Base; path = Base.lproj/LaunchScreen.storyboard; sourceTree = "<group>"; };
		B9115EFF2A390CD200E53E2C /* Info.plist */ = {isa = PBXFileReference; lastKnownFileType = text.plist.xml; path = Info.plist; sourceTree = "<group>"; };
		B918AC7D2A391C340080E8CC /* ChartboostCoreSDK.framework */ = {isa = PBXFileReference; explicitFileType = wrapper.framework; path = ChartboostCoreSDK.framework; sourceTree = BUILT_PRODUCTS_DIR; };
		B954DF2F2A82A9EA008AB47B /* CustomInitializableModule_Swift.swift */ = {isa = PBXFileReference; lastKnownFileType = sourcecode.swift; path = CustomInitializableModule_Swift.swift; sourceTree = "<group>"; };
		B954DF312A82AAD9008AB47B /* CoreDemo-Bridging-Header.h */ = {isa = PBXFileReference; lastKnownFileType = sourcecode.c.h; path = "CoreDemo-Bridging-Header.h"; sourceTree = "<group>"; };
		B954DF322A82AADA008AB47B /* CustomModule_ObjC.h */ = {isa = PBXFileReference; lastKnownFileType = sourcecode.c.h; path = CustomModule_ObjC.h; sourceTree = "<group>"; };
		B954DF332A82AADA008AB47B /* CustomModule_ObjC.m */ = {isa = PBXFileReference; lastKnownFileType = sourcecode.c.objc; path = CustomModule_ObjC.m; sourceTree = "<group>"; };
		B954DF352A82D283008AB47B /* DemoViewController.swift */ = {isa = PBXFileReference; lastKnownFileType = sourcecode.swift; path = DemoViewController.swift; sourceTree = "<group>"; };
		B954DF3F2A82E2CB008AB47B /* ChartboostCoreAdapter_ObjC.h */ = {isa = PBXFileReference; lastKnownFileType = sourcecode.c.h; path = ChartboostCoreAdapter_ObjC.h; sourceTree = "<group>"; };
		B954DF402A82E2CB008AB47B /* ChartboostCoreAdapter_ObjC.m */ = {isa = PBXFileReference; lastKnownFileType = sourcecode.c.objc; path = ChartboostCoreAdapter_ObjC.m; sourceTree = "<group>"; };
		B954DF422A82E2EC008AB47B /* ChartboostCoreAdapter_Swift.swift */ = {isa = PBXFileReference; lastKnownFileType = sourcecode.swift; path = ChartboostCoreAdapter_Swift.swift; sourceTree = "<group>"; };
		B954DF442A82EDB5008AB47B /* LogItem.swift */ = {isa = PBXFileReference; lastKnownFileType = sourcecode.swift; path = LogItem.swift; sourceTree = "<group>"; };
		B969764F2A840D6E00D5B29B /* Base */ = {isa = PBXFileReference; lastKnownFileType = file.storyboard; name = Base; path = Base.lproj/Main.storyboard; sourceTree = "<group>"; };
		B96976512A84624E00D5B29B /* CALayer+App.swift */ = {isa = PBXFileReference; lastKnownFileType = sourcecode.swift; path = "CALayer+App.swift"; sourceTree = "<group>"; };
/* End PBXFileReference section */

/* Begin PBXFrameworksBuildPhase section */
		B9115EEB2A390CD100E53E2C /* Frameworks */ = {
			isa = PBXFrameworksBuildPhase;
			buildActionMask = 2147483647;
			files = (
				AB996454C62535FCCB4A867C /* libPods-CoreDemo.a in Frameworks */,
			);
			runOnlyForDeploymentPostprocessing = 0;
		};
/* End PBXFrameworksBuildPhase section */

/* Begin PBXGroup section */
		2876AA3BED6168B3454E319D /* Pods */ = {
			isa = PBXGroup;
			children = (
				6724033B11B57201F7712B01 /* Pods-CoreDemo.debug.xcconfig */,
				551900428FB4C42A2217A8D1 /* Pods-CoreDemo.release.xcconfig */,
			);
			path = Pods;
			sourceTree = "<group>";
		};
		B9115EE52A390CD100E53E2C = {
			isa = PBXGroup;
			children = (
				B9115EF02A390CD100E53E2C /* CoreDemo */,
				B9115EEF2A390CD100E53E2C /* Products */,
				B918AC7C2A391C340080E8CC /* Frameworks */,
				2876AA3BED6168B3454E319D /* Pods */,
			);
			sourceTree = "<group>";
		};
		B9115EEF2A390CD100E53E2C /* Products */ = {
			isa = PBXGroup;
			children = (
				B9115EEE2A390CD100E53E2C /* CoreDemo.app */,
			);
			name = Products;
			sourceTree = "<group>";
		};
		B9115EF02A390CD100E53E2C /* CoreDemo */ = {
			isa = PBXGroup;
			children = (
				B954DF2E2A82A9A3008AB47B /* Demo_ObjC */,
				B954DF282A826888008AB47B /* Demo_Swift */,
				B96CF95C2A83786C00EB8CD6 /* App */,
				B9115EF12A390CD100E53E2C /* AppDelegate.swift */,
				B9115EF32A390CD100E53E2C /* SceneDelegate.swift */,
				B954DF312A82AAD9008AB47B /* CoreDemo-Bridging-Header.h */,
				B9115EFA2A390CD200E53E2C /* Assets.xcassets */,
				B9115EFC2A390CD200E53E2C /* LaunchScreen.storyboard */,
				B969764E2A840D6E00D5B29B /* Main.storyboard */,
				B9115EFF2A390CD200E53E2C /* Info.plist */,
			);
			path = CoreDemo;
			sourceTree = "<group>";
		};
		B918AC7C2A391C340080E8CC /* Frameworks */ = {
			isa = PBXGroup;
			children = (
				B918AC7D2A391C340080E8CC /* ChartboostCoreSDK.framework */,
				780625B0CA016C47D122E978 /* libPods-CoreDemo.a */,
			);
			name = Frameworks;
			sourceTree = "<group>";
		};
		B954DF282A826888008AB47B /* Demo_Swift */ = {
			isa = PBXGroup;
			children = (
				B954DF2D2A826C96008AB47B /* AppDevelopment */,
				B954DF2C2A826C8E008AB47B /* ModuleDevelopment */,
			);
			path = Demo_Swift;
			sourceTree = "<group>";
		};
		B954DF2A2A826C5D008AB47B /* AppDevelopment */ = {
			isa = PBXGroup;
			children = (
				B954DF3F2A82E2CB008AB47B /* ChartboostCoreAdapter_ObjC.h */,
				B954DF402A82E2CB008AB47B /* ChartboostCoreAdapter_ObjC.m */,
			);
			path = AppDevelopment;
			sourceTree = "<group>";
		};
		B954DF2B2A826C7D008AB47B /* ModuleDevelopment */ = {
			isa = PBXGroup;
			children = (
				B954DF322A82AADA008AB47B /* CustomModule_ObjC.h */,
				B954DF332A82AADA008AB47B /* CustomModule_ObjC.m */,
			);
			path = ModuleDevelopment;
			sourceTree = "<group>";
		};
		B954DF2C2A826C8E008AB47B /* ModuleDevelopment */ = {
			isa = PBXGroup;
			children = (
				B954DF2F2A82A9EA008AB47B /* CustomInitializableModule_Swift.swift */,
			);
			path = ModuleDevelopment;
			sourceTree = "<group>";
		};
		B954DF2D2A826C96008AB47B /* AppDevelopment */ = {
			isa = PBXGroup;
			children = (
				B954DF422A82E2EC008AB47B /* ChartboostCoreAdapter_Swift.swift */,
			);
			path = AppDevelopment;
			sourceTree = "<group>";
		};
		B954DF2E2A82A9A3008AB47B /* Demo_ObjC */ = {
			isa = PBXGroup;
			children = (
				B954DF2A2A826C5D008AB47B /* AppDevelopment */,
				B954DF2B2A826C7D008AB47B /* ModuleDevelopment */,
			);
			path = Demo_ObjC;
			sourceTree = "<group>";
		};
		B96CF95C2A83786C00EB8CD6 /* App */ = {
			isa = PBXGroup;
			children = (
				B96976512A84624E00D5B29B /* CALayer+App.swift */,
				B954DF352A82D283008AB47B /* DemoViewController.swift */,
				B954DF442A82EDB5008AB47B /* LogItem.swift */,
			);
			path = App;
			sourceTree = "<group>";
		};
/* End PBXGroup section */

/* Begin PBXNativeTarget section */
		B9115EED2A390CD100E53E2C /* CoreDemo */ = {
			isa = PBXNativeTarget;
			buildConfigurationList = B9115F182A390CD200E53E2C /* Build configuration list for PBXNativeTarget "CoreDemo" */;
			buildPhases = (
				12B5B9466CC9E3511E79C48F /* [CP] Check Pods Manifest.lock */,
				B9115EEA2A390CD100E53E2C /* Sources */,
				B9115EEB2A390CD100E53E2C /* Frameworks */,
				B9115EEC2A390CD100E53E2C /* Resources */,
				3601FD75B9E3412DF9FEC878 /* [CP] Embed Pods Frameworks */,
				D47A0F09D8E47751E165A317 /* [CP] Copy Pods Resources */,
			);
			buildRules = (
			);
			dependencies = (
			);
			name = CoreDemo;
			productName = CoreDemo;
			productReference = B9115EEE2A390CD100E53E2C /* CoreDemo.app */;
			productType = "com.apple.product-type.application";
		};
/* End PBXNativeTarget section */

/* Begin PBXProject section */
		B9115EE62A390CD100E53E2C /* Project object */ = {
			isa = PBXProject;
			attributes = {
				BuildIndependentTargetsInParallel = 1;
				LastSwiftUpdateCheck = 1430;
				LastUpgradeCheck = 1430;
				TargetAttributes = {
					B9115EED2A390CD100E53E2C = {
						CreatedOnToolsVersion = 14.3;
						LastSwiftMigration = 1430;
					};
				};
			};
			buildConfigurationList = B9115EE92A390CD100E53E2C /* Build configuration list for PBXProject "CoreDemo" */;
			compatibilityVersion = "Xcode 15.0";
			developmentRegion = en;
			hasScannedForEncodings = 0;
			knownRegions = (
				en,
				Base,
			);
			mainGroup = B9115EE52A390CD100E53E2C;
			productRefGroup = B9115EEF2A390CD100E53E2C /* Products */;
			projectDirPath = "";
			projectRoot = "";
			targets = (
				B9115EED2A390CD100E53E2C /* CoreDemo */,
			);
		};
/* End PBXProject section */

/* Begin PBXResourcesBuildPhase section */
		B9115EEC2A390CD100E53E2C /* Resources */ = {
			isa = PBXResourcesBuildPhase;
			buildActionMask = 2147483647;
			files = (
				B96976502A840D6E00D5B29B /* Main.storyboard in Resources */,
				B9115EFE2A390CD200E53E2C /* LaunchScreen.storyboard in Resources */,
				B9115EFB2A390CD200E53E2C /* Assets.xcassets in Resources */,
			);
			runOnlyForDeploymentPostprocessing = 0;
		};
/* End PBXResourcesBuildPhase section */

/* Begin PBXShellScriptBuildPhase section */
		12B5B9466CC9E3511E79C48F /* [CP] Check Pods Manifest.lock */ = {
			isa = PBXShellScriptBuildPhase;
			buildActionMask = 2147483647;
			files = (
			);
			inputFileListPaths = (
			);
			inputPaths = (
				"${PODS_PODFILE_DIR_PATH}/Podfile.lock",
				"${PODS_ROOT}/Manifest.lock",
			);
			name = "[CP] Check Pods Manifest.lock";
			outputFileListPaths = (
			);
			outputPaths = (
				"$(DERIVED_FILE_DIR)/Pods-CoreDemo-checkManifestLockResult.txt",
			);
			runOnlyForDeploymentPostprocessing = 0;
			shellPath = /bin/sh;
			shellScript = "diff \"${PODS_PODFILE_DIR_PATH}/Podfile.lock\" \"${PODS_ROOT}/Manifest.lock\" > /dev/null\nif [ $? != 0 ] ; then\n    # print error to STDERR\n    echo \"error: The sandbox is not in sync with the Podfile.lock. Run 'pod install' or update your CocoaPods installation.\" >&2\n    exit 1\nfi\n# This output is used by Xcode 'outputs' to avoid re-running this script phase.\necho \"SUCCESS\" > \"${SCRIPT_OUTPUT_FILE_0}\"\n";
			showEnvVarsInLog = 0;
		};
		3601FD75B9E3412DF9FEC878 /* [CP] Embed Pods Frameworks */ = {
			isa = PBXShellScriptBuildPhase;
			buildActionMask = 2147483647;
			files = (
			);
			inputFileListPaths = (
				"${PODS_ROOT}/Target Support Files/Pods-CoreDemo/Pods-CoreDemo-frameworks-${CONFIGURATION}-input-files.xcfilelist",
			);
			name = "[CP] Embed Pods Frameworks";
			outputFileListPaths = (
				"${PODS_ROOT}/Target Support Files/Pods-CoreDemo/Pods-CoreDemo-frameworks-${CONFIGURATION}-output-files.xcfilelist",
			);
			runOnlyForDeploymentPostprocessing = 0;
			shellPath = /bin/sh;
			shellScript = "\"${PODS_ROOT}/Target Support Files/Pods-CoreDemo/Pods-CoreDemo-frameworks.sh\"\n";
			showEnvVarsInLog = 0;
		};
		D47A0F09D8E47751E165A317 /* [CP] Copy Pods Resources */ = {
			isa = PBXShellScriptBuildPhase;
			buildActionMask = 2147483647;
			files = (
			);
			inputFileListPaths = (
				"${PODS_ROOT}/Target Support Files/Pods-CoreDemo/Pods-CoreDemo-resources-${CONFIGURATION}-input-files.xcfilelist",
			);
			name = "[CP] Copy Pods Resources";
			outputFileListPaths = (
				"${PODS_ROOT}/Target Support Files/Pods-CoreDemo/Pods-CoreDemo-resources-${CONFIGURATION}-output-files.xcfilelist",
			);
			runOnlyForDeploymentPostprocessing = 0;
			shellPath = /bin/sh;
			shellScript = "\"${PODS_ROOT}/Target Support Files/Pods-CoreDemo/Pods-CoreDemo-resources.sh\"\n";
			showEnvVarsInLog = 0;
		};
/* End PBXShellScriptBuildPhase section */

/* Begin PBXSourcesBuildPhase section */
		B9115EEA2A390CD100E53E2C /* Sources */ = {
			isa = PBXSourcesBuildPhase;
			buildActionMask = 2147483647;
			files = (
				B9115EF22A390CD100E53E2C /* AppDelegate.swift in Sources */,
				B954DF432A82E2EC008AB47B /* ChartboostCoreAdapter_Swift.swift in Sources */,
				B96976522A84624E00D5B29B /* CALayer+App.swift in Sources */,
				B954DF452A82EDB5008AB47B /* LogItem.swift in Sources */,
				B954DF302A82A9EA008AB47B /* CustomInitializableModule_Swift.swift in Sources */,
				B954DF362A82D283008AB47B /* DemoViewController.swift in Sources */,
				B954DF342A82AADA008AB47B /* CustomModule_ObjC.m in Sources */,
				B9115EF42A390CD100E53E2C /* SceneDelegate.swift in Sources */,
				B954DF412A82E2CB008AB47B /* ChartboostCoreAdapter_ObjC.m in Sources */,
			);
			runOnlyForDeploymentPostprocessing = 0;
		};
/* End PBXSourcesBuildPhase section */

/* Begin PBXVariantGroup section */
		B9115EFC2A390CD200E53E2C /* LaunchScreen.storyboard */ = {
			isa = PBXVariantGroup;
			children = (
				B9115EFD2A390CD200E53E2C /* Base */,
			);
			name = LaunchScreen.storyboard;
			sourceTree = "<group>";
		};
		B969764E2A840D6E00D5B29B /* Main.storyboard */ = {
			isa = PBXVariantGroup;
			children = (
				B969764F2A840D6E00D5B29B /* Base */,
			);
			name = Main.storyboard;
			sourceTree = "<group>";
		};
/* End PBXVariantGroup section */

/* Begin XCBuildConfiguration section */
		B9115F162A390CD200E53E2C /* Debug */ = {
			isa = XCBuildConfiguration;
			buildSettings = {
				ALWAYS_SEARCH_USER_PATHS = NO;
				CLANG_ANALYZER_NONNULL = YES;
				CLANG_ANALYZER_NUMBER_OBJECT_CONVERSION = YES_AGGRESSIVE;
				CLANG_CXX_LANGUAGE_STANDARD = "gnu++20";
				CLANG_ENABLE_MODULES = YES;
				CLANG_ENABLE_OBJC_ARC = YES;
				CLANG_ENABLE_OBJC_WEAK = YES;
				CLANG_WARN_BLOCK_CAPTURE_AUTORELEASING = YES;
				CLANG_WARN_BOOL_CONVERSION = YES;
				CLANG_WARN_COMMA = YES;
				CLANG_WARN_CONSTANT_CONVERSION = YES;
				CLANG_WARN_DEPRECATED_OBJC_IMPLEMENTATIONS = YES;
				CLANG_WARN_DIRECT_OBJC_ISA_USAGE = YES_ERROR;
				CLANG_WARN_DOCUMENTATION_COMMENTS = YES;
				CLANG_WARN_EMPTY_BODY = YES;
				CLANG_WARN_ENUM_CONVERSION = YES;
				CLANG_WARN_INFINITE_RECURSION = YES;
				CLANG_WARN_INT_CONVERSION = YES;
				CLANG_WARN_NON_LITERAL_NULL_CONVERSION = YES;
				CLANG_WARN_OBJC_IMPLICIT_RETAIN_SELF = YES;
				CLANG_WARN_OBJC_LITERAL_CONVERSION = YES;
				CLANG_WARN_OBJC_ROOT_CLASS = YES_ERROR;
				CLANG_WARN_QUOTED_INCLUDE_IN_FRAMEWORK_HEADER = YES;
				CLANG_WARN_RANGE_LOOP_ANALYSIS = YES;
				CLANG_WARN_STRICT_PROTOTYPES = YES;
				CLANG_WARN_SUSPICIOUS_MOVE = YES;
				CLANG_WARN_UNGUARDED_AVAILABILITY = YES_AGGRESSIVE;
				CLANG_WARN_UNREACHABLE_CODE = YES;
				CLANG_WARN__DUPLICATE_METHOD_MATCH = YES;
				COPY_PHASE_STRIP = NO;
				DEBUG_INFORMATION_FORMAT = dwarf;
				ENABLE_STRICT_OBJC_MSGSEND = YES;
				ENABLE_TESTABILITY = YES;
				GCC_C_LANGUAGE_STANDARD = gnu11;
				GCC_DYNAMIC_NO_PIC = NO;
				GCC_NO_COMMON_BLOCKS = YES;
				GCC_OPTIMIZATION_LEVEL = 0;
				GCC_PREPROCESSOR_DEFINITIONS = (
					"DEBUG=1",
					"$(inherited)",
				);
				GCC_WARN_64_TO_32_BIT_CONVERSION = YES;
				GCC_WARN_ABOUT_RETURN_TYPE = YES_ERROR;
				GCC_WARN_UNDECLARED_SELECTOR = YES;
				GCC_WARN_UNINITIALIZED_AUTOS = YES_AGGRESSIVE;
				GCC_WARN_UNUSED_FUNCTION = YES;
				GCC_WARN_UNUSED_VARIABLE = YES;
				IPHONEOS_DEPLOYMENT_TARGET = 13.0;
				MTL_ENABLE_DEBUG_INFO = INCLUDE_SOURCE;
				MTL_FAST_MATH = YES;
				ONLY_ACTIVE_ARCH = YES;
				SDKROOT = iphoneos;
				SWIFT_ACTIVE_COMPILATION_CONDITIONS = DEBUG;
				SWIFT_OPTIMIZATION_LEVEL = "-Onone";
			};
			name = Debug;
		};
		B9115F172A390CD200E53E2C /* Release */ = {
			isa = XCBuildConfiguration;
			buildSettings = {
				ALWAYS_SEARCH_USER_PATHS = NO;
				CLANG_ANALYZER_NONNULL = YES;
				CLANG_ANALYZER_NUMBER_OBJECT_CONVERSION = YES_AGGRESSIVE;
				CLANG_CXX_LANGUAGE_STANDARD = "gnu++20";
				CLANG_ENABLE_MODULES = YES;
				CLANG_ENABLE_OBJC_ARC = YES;
				CLANG_ENABLE_OBJC_WEAK = YES;
				CLANG_WARN_BLOCK_CAPTURE_AUTORELEASING = YES;
				CLANG_WARN_BOOL_CONVERSION = YES;
				CLANG_WARN_COMMA = YES;
				CLANG_WARN_CONSTANT_CONVERSION = YES;
				CLANG_WARN_DEPRECATED_OBJC_IMPLEMENTATIONS = YES;
				CLANG_WARN_DIRECT_OBJC_ISA_USAGE = YES_ERROR;
				CLANG_WARN_DOCUMENTATION_COMMENTS = YES;
				CLANG_WARN_EMPTY_BODY = YES;
				CLANG_WARN_ENUM_CONVERSION = YES;
				CLANG_WARN_INFINITE_RECURSION = YES;
				CLANG_WARN_INT_CONVERSION = YES;
				CLANG_WARN_NON_LITERAL_NULL_CONVERSION = YES;
				CLANG_WARN_OBJC_IMPLICIT_RETAIN_SELF = YES;
				CLANG_WARN_OBJC_LITERAL_CONVERSION = YES;
				CLANG_WARN_OBJC_ROOT_CLASS = YES_ERROR;
				CLANG_WARN_QUOTED_INCLUDE_IN_FRAMEWORK_HEADER = YES;
				CLANG_WARN_RANGE_LOOP_ANALYSIS = YES;
				CLANG_WARN_STRICT_PROTOTYPES = YES;
				CLANG_WARN_SUSPICIOUS_MOVE = YES;
				CLANG_WARN_UNGUARDED_AVAILABILITY = YES_AGGRESSIVE;
				CLANG_WARN_UNREACHABLE_CODE = YES;
				CLANG_WARN__DUPLICATE_METHOD_MATCH = YES;
				COPY_PHASE_STRIP = NO;
				DEBUG_INFORMATION_FORMAT = "dwarf-with-dsym";
				ENABLE_NS_ASSERTIONS = NO;
				ENABLE_STRICT_OBJC_MSGSEND = YES;
				GCC_C_LANGUAGE_STANDARD = gnu11;
				GCC_NO_COMMON_BLOCKS = YES;
				GCC_WARN_64_TO_32_BIT_CONVERSION = YES;
				GCC_WARN_ABOUT_RETURN_TYPE = YES_ERROR;
				GCC_WARN_UNDECLARED_SELECTOR = YES;
				GCC_WARN_UNINITIALIZED_AUTOS = YES_AGGRESSIVE;
				GCC_WARN_UNUSED_FUNCTION = YES;
				GCC_WARN_UNUSED_VARIABLE = YES;
				IPHONEOS_DEPLOYMENT_TARGET = 13.0;
				MTL_ENABLE_DEBUG_INFO = NO;
				MTL_FAST_MATH = YES;
				SDKROOT = iphoneos;
				SWIFT_COMPILATION_MODE = wholemodule;
				SWIFT_OPTIMIZATION_LEVEL = "-O";
				VALIDATE_PRODUCT = YES;
			};
			name = Release;
		};
		B9115F192A390CD200E53E2C /* Debug */ = {
			isa = XCBuildConfiguration;
			baseConfigurationReference = 6724033B11B57201F7712B01 /* Pods-CoreDemo.debug.xcconfig */;
			buildSettings = {
				ASSETCATALOG_COMPILER_APPICON_NAME = AppIcon;
				ASSETCATALOG_COMPILER_GLOBAL_ACCENT_COLOR_NAME = AccentColor;
				CLANG_ENABLE_MODULES = YES;
				CODE_SIGN_STYLE = Automatic;
				CURRENT_PROJECT_VERSION = 1;
				DEVELOPMENT_TEAM = F38H382JLK;
				GENERATE_INFOPLIST_FILE = YES;
				INFOPLIST_FILE = CoreDemo/Info.plist;
				INFOPLIST_KEY_UIApplicationSupportsIndirectInputEvents = YES;
				INFOPLIST_KEY_UILaunchStoryboardName = LaunchScreen;
				INFOPLIST_KEY_UIMainStoryboardFile = "";
				INFOPLIST_KEY_UISupportedInterfaceOrientations_iPad = "UIInterfaceOrientationPortrait UIInterfaceOrientationPortraitUpsideDown UIInterfaceOrientationLandscapeLeft UIInterfaceOrientationLandscapeRight";
				INFOPLIST_KEY_UISupportedInterfaceOrientations_iPhone = "UIInterfaceOrientationPortrait UIInterfaceOrientationLandscapeLeft UIInterfaceOrientationLandscapeRight";
				IPHONEOS_DEPLOYMENT_TARGET = 13.0;
				LD_RUNPATH_SEARCH_PATHS = (
					"$(inherited)",
					"@executable_path/Frameworks",
				);
				MARKETING_VERSION = 1.0;
				PRODUCT_BUNDLE_IDENTIFIER = com.chartboost.CoreDemo;
				PRODUCT_NAME = "$(TARGET_NAME)";
				SWIFT_EMIT_LOC_STRINGS = YES;
				SWIFT_OBJC_BRIDGING_HEADER = "CoreDemo/CoreDemo-Bridging-Header.h";
				SWIFT_OPTIMIZATION_LEVEL = "-Onone";
				SWIFT_VERSION = 5.0;
				TARGETED_DEVICE_FAMILY = "1,2";
			};
			name = Debug;
		};
		B9115F1A2A390CD200E53E2C /* Release */ = {
			isa = XCBuildConfiguration;
			baseConfigurationReference = 551900428FB4C42A2217A8D1 /* Pods-CoreDemo.release.xcconfig */;
			buildSettings = {
				ASSETCATALOG_COMPILER_APPICON_NAME = AppIcon;
				ASSETCATALOG_COMPILER_GLOBAL_ACCENT_COLOR_NAME = AccentColor;
				CLANG_ENABLE_MODULES = YES;
				CODE_SIGN_STYLE = Automatic;
				CURRENT_PROJECT_VERSION = 1;
				DEVELOPMENT_TEAM = F38H382JLK;
				GENERATE_INFOPLIST_FILE = YES;
				INFOPLIST_FILE = CoreDemo/Info.plist;
				INFOPLIST_KEY_UIApplicationSupportsIndirectInputEvents = YES;
				INFOPLIST_KEY_UILaunchStoryboardName = LaunchScreen;
				INFOPLIST_KEY_UIMainStoryboardFile = "";
				INFOPLIST_KEY_UISupportedInterfaceOrientations_iPad = "UIInterfaceOrientationPortrait UIInterfaceOrientationPortraitUpsideDown UIInterfaceOrientationLandscapeLeft UIInterfaceOrientationLandscapeRight";
				INFOPLIST_KEY_UISupportedInterfaceOrientations_iPhone = "UIInterfaceOrientationPortrait UIInterfaceOrientationLandscapeLeft UIInterfaceOrientationLandscapeRight";
				IPHONEOS_DEPLOYMENT_TARGET = 13.0;
				LD_RUNPATH_SEARCH_PATHS = (
					"$(inherited)",
					"@executable_path/Frameworks",
				);
				MARKETING_VERSION = 1.0;
				PRODUCT_BUNDLE_IDENTIFIER = com.chartboost.CoreDemo;
				PRODUCT_NAME = "$(TARGET_NAME)";
				SWIFT_EMIT_LOC_STRINGS = YES;
				SWIFT_OBJC_BRIDGING_HEADER = "CoreDemo/CoreDemo-Bridging-Header.h";
				SWIFT_VERSION = 5.0;
				TARGETED_DEVICE_FAMILY = "1,2";
			};
			name = Release;
		};
/* End XCBuildConfiguration section */

/* Begin XCConfigurationList section */
		B9115EE92A390CD100E53E2C /* Build configuration list for PBXProject "CoreDemo" */ = {
			isa = XCConfigurationList;
			buildConfigurations = (
				B9115F162A390CD200E53E2C /* Debug */,
				B9115F172A390CD200E53E2C /* Release */,
			);
			defaultConfigurationIsVisible = 0;
			defaultConfigurationName = Release;
		};
		B9115F182A390CD200E53E2C /* Build configuration list for PBXNativeTarget "CoreDemo" */ = {
			isa = XCConfigurationList;
			buildConfigurations = (
				B9115F192A390CD200E53E2C /* Debug */,
				B9115F1A2A390CD200E53E2C /* Release */,
			);
			defaultConfigurationIsVisible = 0;
			defaultConfigurationName = Release;
		};
/* End XCConfigurationList section */
	};
	rootObject = B9115EE62A390CD100E53E2C /* Project object */;
}
